// !$*UTF8*$!
{
	archiveVersion = 1;
	classes = {
	};
	objectVersion = 46;
	objects = {

/* Begin PBXBuildFile section */
		E021E5FE17AE7A860075C30D /* AbstractSource.cpp in Sources */ = {isa = PBXBuildFile; fileRef = E021E5BC17AE7A860075C30D /* AbstractSource.cpp */; };
		E021E5FF17AE7A860075C30D /* APIAudio.cpp in Sources */ = {isa = PBXBuildFile; fileRef = E021E5BD17AE7A860075C30D /* APIAudio.cpp */; };
		E021E60017AE7A860075C30D /* Sound.cpp in Sources */ = {isa = PBXBuildFile; fileRef = E021E5C117AE7A860075C30D /* Sound.cpp */; };
		E021E60117AE7A860075C30D /* WavLoader.cpp in Sources */ = {isa = PBXBuildFile; fileRef = E021E5C317AE7A860075C30D /* WavLoader.cpp */; };
		E021E60217AE7A860075C30D /* SolarButton.cpp in Sources */ = {isa = PBXBuildFile; fileRef = E021E5C517AE7A860075C30D /* SolarButton.cpp */; };
		E021E60317AE7A860075C30D /* SolarDialog.cpp in Sources */ = {isa = PBXBuildFile; fileRef = E021E5C717AE7A860075C30D /* SolarDialog.cpp */; };
		E021E60417AE7A860075C30D /* SolarMenu.cpp in Sources */ = {isa = PBXBuildFile; fileRef = E021E5C917AE7A860075C30D /* SolarMenu.cpp */; };
		E021E60517AE7A860075C30D /* SolarStartMenu.cpp in Sources */ = {isa = PBXBuildFile; fileRef = E021E5CB17AE7A860075C30D /* SolarStartMenu.cpp */; };
		E021E60617AE7A860075C30D /* Application.cpp in Sources */ = {isa = PBXBuildFile; fileRef = E021E5CE17AE7A860075C30D /* Application.cpp */; };
		E021E60717AE7A860075C30D /* Camera.cpp in Sources */ = {isa = PBXBuildFile; fileRef = E021E5CF17AE7A860075C30D /* Camera.cpp */; };
		E021E60817AE7A860075C30D /* Debug.cpp in Sources */ = {isa = PBXBuildFile; fileRef = E021E5D017AE7A860075C30D /* Debug.cpp */; };
		E021E60917AE7A860075C30D /* EString.cpp in Sources */ = {isa = PBXBuildFile; fileRef = E021E5D117AE7A860075C30D /* EString.cpp */; };
		E021E60A17AE7A860075C30D /* ETime.cpp in Sources */ = {isa = PBXBuildFile; fileRef = E021E5D217AE7A860075C30D /* ETime.cpp */; };
		E021E60C17AE7A860075C30D /* Input.cpp in Sources */ = {isa = PBXBuildFile; fileRef = E021E5D817AE7A860075C30D /* Input.cpp */; };
		E021E61117AE7A860075C30D /* MainInstance.cpp in Sources */ = {isa = PBXBuildFile; fileRef = E021E5DE17AE7A860075C30D /* MainInstance.cpp */; };
		E021E61217AE7A860075C30D /* Math2D.cpp in Sources */ = {isa = PBXBuildFile; fileRef = E021E5DF17AE7A860075C30D /* Math2D.cpp */; };
		E021E61417AE7A860075C30D /* Math2D_SSE2.cpp in Sources */ = {isa = PBXBuildFile; fileRef = E021E5E217AE7A860075C30D /* Math2D_SSE2.cpp */; };
		E021E61617AE7A860075C30D /* Object.cpp in Sources */ = {isa = PBXBuildFile; fileRef = E021E5E617AE7A860075C30D /* Object.cpp */; };
		E021E61717AE7A860075C30D /* Screen.cpp in Sources */ = {isa = PBXBuildFile; fileRef = E021E5E717AE7A860075C30D /* Screen.cpp */; };
		E021E61817AE7A860075C30D /* Shader.cpp in Sources */ = {isa = PBXBuildFile; fileRef = E021E5E817AE7A860075C30D /* Shader.cpp */; };
		E021E61917AE7A860075C30D /* Table.cpp in Sources */ = {isa = PBXBuildFile; fileRef = E021E5E917AE7A860075C30D /* Table.cpp */; };
		E021E61A17AE7A860075C30D /* Texture.cpp in Sources */ = {isa = PBXBuildFile; fileRef = E021E5EA17AE7A860075C30D /* Texture.cpp */; };
		E021E61B17AE7A860075C30D /* Timer.cpp in Sources */ = {isa = PBXBuildFile; fileRef = E021E5F417AE7A860075C30D /* Timer.cpp */; };
		E021E61C17AE7A860075C30D /* Utility.cpp in Sources */ = {isa = PBXBuildFile; fileRef = E021E5F517AE7A860075C30D /* Utility.cpp */; };
		E06E018417AE7B480082D70D /* Planet.cpp in Sources */ = {isa = PBXBuildFile; fileRef = E06E017417AE7B480082D70D /* Planet.cpp */; };
		E06E018517AE7B480082D70D /* PlanetsManager.cpp in Sources */ = {isa = PBXBuildFile; fileRef = E06E017717AE7B480082D70D /* PlanetsManager.cpp */; };
		E06E018617AE7B480082D70D /* SolarFly.cpp in Sources */ = {isa = PBXBuildFile; fileRef = E06E017917AE7B480082D70D /* SolarFly.cpp */; };
		E06E018717AE7B480082D70D /* SolarRender.cpp in Sources */ = {isa = PBXBuildFile; fileRef = E06E017C17AE7B480082D70D /* SolarRender.cpp */; };
		E06E018817AE7B480082D70D /* SolarRings.cpp in Sources */ = {isa = PBXBuildFile; fileRef = E06E017E17AE7B480082D70D /* SolarRings.cpp */; };
		E06E018917AE7B480082D70D /* SolarShadow.cpp in Sources */ = {isa = PBXBuildFile; fileRef = E06E018017AE7B480082D70D /* SolarShadow.cpp */; };
		E06E018A17AE7B480082D70D /* SolarSky.cpp in Sources */ = {isa = PBXBuildFile; fileRef = E06E018217AE7B480082D70D /* SolarSky.cpp */; };
		E06E018C17AE7B690082D70D /* Cocoa.framework in Frameworks */ = {isa = PBXBuildFile; fileRef = E06E018B17AE7B690082D70D /* Cocoa.framework */; };
		E06E018E17AE7B700082D70D /* libz.dylib in Frameworks */ = {isa = PBXBuildFile; fileRef = E06E018D17AE7B700082D70D /* libz.dylib */; };
		E06E019017AE7B750082D70D /* libbz2.dylib in Frameworks */ = {isa = PBXBuildFile; fileRef = E06E018F17AE7B750082D70D /* libbz2.dylib */; };
		E06E019217AE7B7D0082D70D /* OpenGL.framework in Frameworks */ = {isa = PBXBuildFile; fileRef = E06E019117AE7B7D0082D70D /* OpenGL.framework */; };
		E06E019417AE7B830082D70D /* OpenAL.framework in Frameworks */ = {isa = PBXBuildFile; fileRef = E06E019317AE7B830082D70D /* OpenAL.framework */; };
		E06E01B917AE7CF20082D70D /* lodepng.cpp in Sources */ = {isa = PBXBuildFile; fileRef = E06E01B717AE7CF20082D70D /* lodepng.cpp */; };
		E06E01CD17AE886D0082D70D /* CocoaApp.mm in Sources */ = {isa = PBXBuildFile; fileRef = E06E01CA17AE886D0082D70D /* CocoaApp.mm */; };
		E06E01CE17AE886D0082D70D /* CocoaInput.mm in Sources */ = {isa = PBXBuildFile; fileRef = E06E01CB17AE886D0082D70D /* CocoaInput.mm */; };
		E06E01CF17AE886D0082D70D /* CocoaScreen.mm in Sources */ = {isa = PBXBuildFile; fileRef = E06E01CC17AE886D0082D70D /* CocoaScreen.mm */; };
		E06E01D217AE892E0082D70D /* main.cpp in Sources */ = {isa = PBXBuildFile; fileRef = E06E01D017AE892E0082D70D /* main.cpp */; };
		E06E01D317AE922D0082D70D /* MutexPOSIX.cpp in Sources */ = {isa = PBXBuildFile; fileRef = E021E5EE17AE7A860075C30D /* MutexPOSIX.cpp */; };
		E06E01D617AE94740082D70D /* SolarSound.cpp in Sources */ = {isa = PBXBuildFile; fileRef = E06E01D517AE94740082D70D /* SolarSound.cpp */; };
		E06E01D917AE966B0082D70D /* ThreadPOSIX.cpp in Sources */ = {isa = PBXBuildFile; fileRef = E06E01D717AE966B0082D70D /* ThreadPOSIX.cpp */; };
		E06E01DD17AE9C3E0082D70D /* ApplicationState.cpp in Sources */ = {isa = PBXBuildFile; fileRef = E06E01DB17AE9C3D0082D70D /* ApplicationState.cpp */; };
		E0852F0A17B7FF2E0044AF04 /* libfreetype.a in Frameworks */ = {isa = PBXBuildFile; fileRef = E0852F0917B7FF2E0044AF04 /* libfreetype.a */; };
		E0852F1117B7FF4C0044AF04 /* BMFontLoader.cpp in Sources */ = {isa = PBXBuildFile; fileRef = E0852F0E17B7FF4C0044AF04 /* BMFontLoader.cpp */; };
		E0852F1217B7FF4C0044AF04 /* Font.cpp in Sources */ = {isa = PBXBuildFile; fileRef = E0852F0F17B7FF4C0044AF04 /* Font.cpp */; };
		E0852F1317B7FF4C0044AF04 /* FreeTypeFontLoader.cpp in Sources */ = {isa = PBXBuildFile; fileRef = E0852F1017B7FF4C0044AF04 /* FreeTypeFontLoader.cpp */; };
		E08B10EA17B007CC00DD8B01 /* SolarSystemMenu.cpp in Sources */ = {isa = PBXBuildFile; fileRef = E08B10E817B007CC00DD8B01 /* SolarSystemMenu.cpp */; };
		E08B252E17AEFB6400FCBCC5 /* SolarApp.cpp in Sources */ = {isa = PBXBuildFile; fileRef = E08B252D17AEFB6400FCBCC5 /* SolarApp.cpp */; };
/* End PBXBuildFile section */

/* Begin PBXCopyFilesBuildPhase section */
		E021E5AE17AE7A250075C30D /* CopyFiles */ = {
			isa = PBXCopyFilesBuildPhase;
			buildActionMask = 2147483647;
			dstPath = /usr/share/man/man1/;
			dstSubfolderSpec = 0;
			files = (
			);
			runOnlyForDeploymentPostprocessing = 1;
		};
/* End PBXCopyFilesBuildPhase section */

/* Begin PBXFileReference section */
		E021E5B017AE7A250075C30D /* SolarSystem */ = {isa = PBXFileReference; explicitFileType = "compiled.mach-o.executable"; includeInIndex = 0; path = SolarSystem; sourceTree = BUILT_PRODUCTS_DIR; };
		E021E5BB17AE7A860075C30D /* AbstractSource .h */ = {isa = PBXFileReference; fileEncoding = 4; lastKnownFileType = sourcecode.c.h; path = "AbstractSource .h"; sourceTree = "<group>"; };
		E021E5BC17AE7A860075C30D /* AbstractSource.cpp */ = {isa = PBXFileReference; fileEncoding = 4; lastKnownFileType = sourcecode.cpp.cpp; path = AbstractSource.cpp; sourceTree = "<group>"; };
		E021E5BD17AE7A860075C30D /* APIAudio.cpp */ = {isa = PBXFileReference; fileEncoding = 4; lastKnownFileType = sourcecode.cpp.cpp; path = APIAudio.cpp; sourceTree = "<group>"; };
		E021E5BE17AE7A860075C30D /* APIAudio.h */ = {isa = PBXFileReference; fileEncoding = 4; lastKnownFileType = sourcecode.c.h; path = APIAudio.h; sourceTree = "<group>"; };
		E021E5BF17AE7A860075C30D /* Music.h */ = {isa = PBXFileReference; fileEncoding = 4; lastKnownFileType = sourcecode.c.h; path = Music.h; sourceTree = "<group>"; };
		E021E5C017AE7A860075C30D /* SolarSound.h */ = {isa = PBXFileReference; fileEncoding = 4; lastKnownFileType = sourcecode.c.h; path = SolarSound.h; sourceTree = "<group>"; };
		E021E5C117AE7A860075C30D /* Sound.cpp */ = {isa = PBXFileReference; fileEncoding = 4; lastKnownFileType = sourcecode.cpp.cpp; path = Sound.cpp; sourceTree = "<group>"; };
		E021E5C217AE7A860075C30D /* Sound.h */ = {isa = PBXFileReference; fileEncoding = 4; lastKnownFileType = sourcecode.c.h; path = Sound.h; sourceTree = "<group>"; };
		E021E5C317AE7A860075C30D /* WavLoader.cpp */ = {isa = PBXFileReference; fileEncoding = 4; lastKnownFileType = sourcecode.cpp.cpp; path = WavLoader.cpp; sourceTree = "<group>"; };
		E021E5C517AE7A860075C30D /* SolarButton.cpp */ = {isa = PBXFileReference; fileEncoding = 4; lastKnownFileType = sourcecode.cpp.cpp; path = SolarButton.cpp; sourceTree = "<group>"; };
		E021E5C617AE7A860075C30D /* SolarButton.h */ = {isa = PBXFileReference; fileEncoding = 4; lastKnownFileType = sourcecode.c.h; path = SolarButton.h; sourceTree = "<group>"; };
		E021E5C717AE7A860075C30D /* SolarDialog.cpp */ = {isa = PBXFileReference; fileEncoding = 4; lastKnownFileType = sourcecode.cpp.cpp; path = SolarDialog.cpp; sourceTree = "<group>"; };
		E021E5C817AE7A860075C30D /* SolarDialog.h */ = {isa = PBXFileReference; fileEncoding = 4; lastKnownFileType = sourcecode.c.h; path = SolarDialog.h; sourceTree = "<group>"; };
		E021E5C917AE7A860075C30D /* SolarMenu.cpp */ = {isa = PBXFileReference; fileEncoding = 4; lastKnownFileType = sourcecode.cpp.cpp; path = SolarMenu.cpp; sourceTree = "<group>"; };
		E021E5CA17AE7A860075C30D /* SolarMenu.h */ = {isa = PBXFileReference; fileEncoding = 4; lastKnownFileType = sourcecode.c.h; path = SolarMenu.h; sourceTree = "<group>"; };
		E021E5CB17AE7A860075C30D /* SolarStartMenu.cpp */ = {isa = PBXFileReference; fileEncoding = 4; lastKnownFileType = sourcecode.cpp.cpp; path = SolarStartMenu.cpp; sourceTree = "<group>"; };
		E021E5CC17AE7A860075C30D /* SolarStartMenu.h */ = {isa = PBXFileReference; fileEncoding = 4; lastKnownFileType = sourcecode.c.h; path = SolarStartMenu.h; sourceTree = "<group>"; };
		E021E5CE17AE7A860075C30D /* Application.cpp */ = {isa = PBXFileReference; fileEncoding = 4; lastKnownFileType = sourcecode.cpp.cpp; path = Application.cpp; sourceTree = "<group>"; };
		E021E5CF17AE7A860075C30D /* Camera.cpp */ = {isa = PBXFileReference; fileEncoding = 4; lastKnownFileType = sourcecode.cpp.cpp; path = Camera.cpp; sourceTree = "<group>"; };
		E021E5D017AE7A860075C30D /* Debug.cpp */ = {isa = PBXFileReference; fileEncoding = 4; lastKnownFileType = sourcecode.cpp.cpp; path = Debug.cpp; sourceTree = "<group>"; };
		E021E5D117AE7A860075C30D /* EString.cpp */ = {isa = PBXFileReference; fileEncoding = 4; lastKnownFileType = sourcecode.cpp.cpp; path = EString.cpp; sourceTree = "<group>"; };
		E021E5D217AE7A860075C30D /* ETime.cpp */ = {isa = PBXFileReference; fileEncoding = 4; lastKnownFileType = sourcecode.cpp.cpp; path = ETime.cpp; sourceTree = "<group>"; };
		E021E5D817AE7A860075C30D /* Input.cpp */ = {isa = PBXFileReference; fileEncoding = 4; lastKnownFileType = sourcecode.cpp.cpp; path = Input.cpp; sourceTree = "<group>"; };
		E021E5DE17AE7A860075C30D /* MainInstance.cpp */ = {isa = PBXFileReference; fileEncoding = 4; lastKnownFileType = sourcecode.cpp.cpp; path = MainInstance.cpp; sourceTree = "<group>"; };
		E021E5DF17AE7A860075C30D /* Math2D.cpp */ = {isa = PBXFileReference; fileEncoding = 4; lastKnownFileType = sourcecode.cpp.cpp; path = Math2D.cpp; sourceTree = "<group>"; };
		E021E5E217AE7A860075C30D /* Math2D_SSE2.cpp */ = {isa = PBXFileReference; fileEncoding = 4; lastKnownFileType = sourcecode.cpp.cpp; path = Math2D_SSE2.cpp; sourceTree = "<group>"; };
		E021E5E317AE7A860075C30D /* Math2D_SSE2.h */ = {isa = PBXFileReference; fileEncoding = 4; lastKnownFileType = sourcecode.c.h; path = Math2D_SSE2.h; sourceTree = "<group>"; };
		E021E5E617AE7A860075C30D /* Object.cpp */ = {isa = PBXFileReference; fileEncoding = 4; lastKnownFileType = sourcecode.cpp.cpp; path = Object.cpp; sourceTree = "<group>"; };
		E021E5E717AE7A860075C30D /* Screen.cpp */ = {isa = PBXFileReference; fileEncoding = 4; lastKnownFileType = sourcecode.cpp.cpp; path = Screen.cpp; sourceTree = "<group>"; };
		E021E5E817AE7A860075C30D /* Shader.cpp */ = {isa = PBXFileReference; fileEncoding = 4; lastKnownFileType = sourcecode.cpp.cpp; path = Shader.cpp; sourceTree = "<group>"; };
		E021E5E917AE7A860075C30D /* Table.cpp */ = {isa = PBXFileReference; fileEncoding = 4; lastKnownFileType = sourcecode.cpp.cpp; path = Table.cpp; sourceTree = "<group>"; };
		E021E5EA17AE7A860075C30D /* Texture.cpp */ = {isa = PBXFileReference; fileEncoding = 4; lastKnownFileType = sourcecode.cpp.cpp; path = Texture.cpp; sourceTree = "<group>"; };
		E021E5EC17AE7A860075C30D /* Mutex.h */ = {isa = PBXFileReference; fileEncoding = 4; lastKnownFileType = sourcecode.c.h; path = Mutex.h; sourceTree = "<group>"; };
		E021E5ED17AE7A860075C30D /* MutexConf.h */ = {isa = PBXFileReference; fileEncoding = 4; lastKnownFileType = sourcecode.c.h; path = MutexConf.h; sourceTree = "<group>"; };
		E021E5EE17AE7A860075C30D /* MutexPOSIX.cpp */ = {isa = PBXFileReference; fileEncoding = 4; lastKnownFileType = sourcecode.cpp.cpp; path = MutexPOSIX.cpp; sourceTree = "<group>"; };
		E021E5F017AE7A860075C30D /* Thread.h */ = {isa = PBXFileReference; fileEncoding = 4; lastKnownFileType = sourcecode.c.h; path = Thread.h; sourceTree = "<group>"; };
		E021E5F117AE7A860075C30D /* ThreadConf.h */ = {isa = PBXFileReference; fileEncoding = 4; lastKnownFileType = sourcecode.c.h; path = ThreadConf.h; sourceTree = "<group>"; };
		E021E5F417AE7A860075C30D /* Timer.cpp */ = {isa = PBXFileReference; fileEncoding = 4; lastKnownFileType = sourcecode.cpp.cpp; path = Timer.cpp; sourceTree = "<group>"; };
		E021E5F517AE7A860075C30D /* Utility.cpp */ = {isa = PBXFileReference; fileEncoding = 4; lastKnownFileType = sourcecode.cpp.cpp; path = Utility.cpp; sourceTree = "<group>"; };
		E06E017417AE7B480082D70D /* Planet.cpp */ = {isa = PBXFileReference; fileEncoding = 4; lastKnownFileType = sourcecode.cpp.cpp; path = Planet.cpp; sourceTree = "<group>"; };
		E06E017517AE7B480082D70D /* Planet.h */ = {isa = PBXFileReference; fileEncoding = 4; lastKnownFileType = sourcecode.c.h; path = Planet.h; sourceTree = "<group>"; };
		E06E017617AE7B480082D70D /* PlanetOldSystem.zip */ = {isa = PBXFileReference; lastKnownFileType = archive.zip; path = PlanetOldSystem.zip; sourceTree = "<group>"; };
		E06E017717AE7B480082D70D /* PlanetsManager.cpp */ = {isa = PBXFileReference; fileEncoding = 4; lastKnownFileType = sourcecode.cpp.cpp; path = PlanetsManager.cpp; sourceTree = "<group>"; };
		E06E017817AE7B480082D70D /* PlanetsManager.h */ = {isa = PBXFileReference; fileEncoding = 4; lastKnownFileType = sourcecode.c.h; path = PlanetsManager.h; sourceTree = "<group>"; };
		E06E017917AE7B480082D70D /* SolarFly.cpp */ = {isa = PBXFileReference; fileEncoding = 4; lastKnownFileType = sourcecode.cpp.cpp; path = SolarFly.cpp; sourceTree = "<group>"; };
		E06E017A17AE7B480082D70D /* SolarFly.h */ = {isa = PBXFileReference; fileEncoding = 4; lastKnownFileType = sourcecode.c.h; path = SolarFly.h; sourceTree = "<group>"; };
		E06E017B17AE7B480082D70D /* SolarMain.h */ = {isa = PBXFileReference; fileEncoding = 4; lastKnownFileType = sourcecode.c.h; path = SolarMain.h; sourceTree = "<group>"; };
		E06E017C17AE7B480082D70D /* SolarRender.cpp */ = {isa = PBXFileReference; fileEncoding = 4; lastKnownFileType = sourcecode.cpp.cpp; path = SolarRender.cpp; sourceTree = "<group>"; };
		E06E017D17AE7B480082D70D /* SolarRender.h */ = {isa = PBXFileReference; fileEncoding = 4; lastKnownFileType = sourcecode.c.h; path = SolarRender.h; sourceTree = "<group>"; };
		E06E017E17AE7B480082D70D /* SolarRings.cpp */ = {isa = PBXFileReference; fileEncoding = 4; lastKnownFileType = sourcecode.cpp.cpp; path = SolarRings.cpp; sourceTree = "<group>"; };
		E06E017F17AE7B480082D70D /* SolarRings.h */ = {isa = PBXFileReference; fileEncoding = 4; lastKnownFileType = sourcecode.c.h; path = SolarRings.h; sourceTree = "<group>"; };
		E06E018017AE7B480082D70D /* SolarShadow.cpp */ = {isa = PBXFileReference; fileEncoding = 4; lastKnownFileType = sourcecode.cpp.cpp; path = SolarShadow.cpp; sourceTree = "<group>"; };
		E06E018117AE7B480082D70D /* SolarShadow.h */ = {isa = PBXFileReference; fileEncoding = 4; lastKnownFileType = sourcecode.c.h; path = SolarShadow.h; sourceTree = "<group>"; };
		E06E018217AE7B480082D70D /* SolarSky.cpp */ = {isa = PBXFileReference; fileEncoding = 4; lastKnownFileType = sourcecode.cpp.cpp; path = SolarSky.cpp; sourceTree = "<group>"; };
		E06E018317AE7B480082D70D /* SolarSky.h */ = {isa = PBXFileReference; fileEncoding = 4; lastKnownFileType = sourcecode.c.h; path = SolarSky.h; sourceTree = "<group>"; };
		E06E018B17AE7B690082D70D /* Cocoa.framework */ = {isa = PBXFileReference; lastKnownFileType = wrapper.framework; name = Cocoa.framework; path = Platforms/MacOSX.platform/Developer/SDKs/MacOSX10.8.sdk/System/Library/Frameworks/Cocoa.framework; sourceTree = DEVELOPER_DIR; };
		E06E018D17AE7B700082D70D /* libz.dylib */ = {isa = PBXFileReference; lastKnownFileType = "compiled.mach-o.dylib"; name = libz.dylib; path = Platforms/MacOSX.platform/Developer/SDKs/MacOSX10.8.sdk/usr/lib/libz.dylib; sourceTree = DEVELOPER_DIR; };
		E06E018F17AE7B750082D70D /* libbz2.dylib */ = {isa = PBXFileReference; lastKnownFileType = "compiled.mach-o.dylib"; name = libbz2.dylib; path = Platforms/MacOSX.platform/Developer/SDKs/MacOSX10.8.sdk/usr/lib/libbz2.dylib; sourceTree = DEVELOPER_DIR; };
		E06E019117AE7B7D0082D70D /* OpenGL.framework */ = {isa = PBXFileReference; lastKnownFileType = wrapper.framework; name = OpenGL.framework; path = Platforms/MacOSX.platform/Developer/SDKs/MacOSX10.8.sdk/System/Library/Frameworks/OpenGL.framework; sourceTree = DEVELOPER_DIR; };
		E06E019317AE7B830082D70D /* OpenAL.framework */ = {isa = PBXFileReference; lastKnownFileType = wrapper.framework; name = OpenAL.framework; path = Platforms/MacOSX.platform/Developer/SDKs/MacOSX10.8.sdk/System/Library/Frameworks/OpenAL.framework; sourceTree = DEVELOPER_DIR; };
		E06E019617AE7C330082D70D /* Application.h */ = {isa = PBXFileReference; fileEncoding = 4; lastKnownFileType = sourcecode.c.h; path = Application.h; sourceTree = "<group>"; };
		E06E019717AE7C330082D70D /* Camera.h */ = {isa = PBXFileReference; fileEncoding = 4; lastKnownFileType = sourcecode.c.h; path = Camera.h; sourceTree = "<group>"; };
		E06E019817AE7C330082D70D /* Config.h */ = {isa = PBXFileReference; fileEncoding = 4; lastKnownFileType = sourcecode.c.h; path = Config.h; sourceTree = "<group>"; };
		E06E019917AE7C330082D70D /* Debug.h */ = {isa = PBXFileReference; fileEncoding = 4; lastKnownFileType = sourcecode.c.h; path = Debug.h; sourceTree = "<group>"; };
		E06E019A17AE7C330082D70D /* EString.h */ = {isa = PBXFileReference; fileEncoding = 4; lastKnownFileType = sourcecode.c.h; path = EString.h; sourceTree = "<group>"; };
		E06E019B17AE7C330082D70D /* ETime.h */ = {isa = PBXFileReference; fileEncoding = 4; lastKnownFileType = sourcecode.c.h; path = ETime.h; sourceTree = "<group>"; };
		E06E019C17AE7C330082D70D /* Input.h */ = {isa = PBXFileReference; fileEncoding = 4; lastKnownFileType = sourcecode.c.h; path = Input.h; sourceTree = "<group>"; };
		E06E01A217AE7C330082D70D /* MainInstance.h */ = {isa = PBXFileReference; fileEncoding = 4; lastKnownFileType = sourcecode.c.h; path = MainInstance.h; sourceTree = "<group>"; };
		E06E01A317AE7C330082D70D /* Math2D.h */ = {isa = PBXFileReference; fileEncoding = 4; lastKnownFileType = sourcecode.c.h; path = Math2D.h; sourceTree = "<group>"; };
		E06E01A417AE7C330082D70D /* Object.h */ = {isa = PBXFileReference; fileEncoding = 4; lastKnownFileType = sourcecode.c.h; path = Object.h; sourceTree = "<group>"; };
		E06E01A517AE7C330082D70D /* Screen.h */ = {isa = PBXFileReference; fileEncoding = 4; lastKnownFileType = sourcecode.c.h; path = Screen.h; sourceTree = "<group>"; };
		E06E01A617AE7C330082D70D /* Shader.h */ = {isa = PBXFileReference; fileEncoding = 4; lastKnownFileType = sourcecode.c.h; path = Shader.h; sourceTree = "<group>"; };
		E06E01A717AE7C330082D70D /* Table.h */ = {isa = PBXFileReference; fileEncoding = 4; lastKnownFileType = sourcecode.c.h; path = Table.h; sourceTree = "<group>"; };
		E06E01A817AE7C330082D70D /* Texture.h */ = {isa = PBXFileReference; fileEncoding = 4; lastKnownFileType = sourcecode.c.h; path = Texture.h; sourceTree = "<group>"; };
		E06E01A917AE7C330082D70D /* Timer.h */ = {isa = PBXFileReference; fileEncoding = 4; lastKnownFileType = sourcecode.c.h; path = Timer.h; sourceTree = "<group>"; };
		E06E01AA17AE7C330082D70D /* Types.h */ = {isa = PBXFileReference; fileEncoding = 4; lastKnownFileType = sourcecode.c.h; path = Types.h; sourceTree = "<group>"; };
		E06E01AB17AE7C330082D70D /* Utility.h */ = {isa = PBXFileReference; fileEncoding = 4; lastKnownFileType = sourcecode.c.h; path = Utility.h; sourceTree = "<group>"; };
		E06E01B517AE7CF20082D70D /* Image.h */ = {isa = PBXFileReference; fileEncoding = 4; lastKnownFileType = sourcecode.c.h; path = Image.h; sourceTree = "<group>"; };
		E06E01B617AE7CF20082D70D /* Image.inl */ = {isa = PBXFileReference; fileEncoding = 4; lastKnownFileType = text; path = Image.inl; sourceTree = "<group>"; };
		E06E01B717AE7CF20082D70D /* lodepng.cpp */ = {isa = PBXFileReference; fileEncoding = 4; lastKnownFileType = sourcecode.cpp.cpp; path = lodepng.cpp; sourceTree = "<group>"; };
		E06E01B817AE7CF20082D70D /* lodepng.h */ = {isa = PBXFileReference; fileEncoding = 4; lastKnownFileType = sourcecode.c.h; path = lodepng.h; sourceTree = "<group>"; };
		E06E01C617AE884B0082D70D /* CocoaApp.h */ = {isa = PBXFileReference; fileEncoding = 4; lastKnownFileType = sourcecode.c.h; path = CocoaApp.h; sourceTree = "<group>"; };
		E06E01C717AE884B0082D70D /* CocoaInput.h */ = {isa = PBXFileReference; fileEncoding = 4; lastKnownFileType = sourcecode.c.h; path = CocoaInput.h; sourceTree = "<group>"; };
		E06E01C817AE884B0082D70D /* CocoaScreen.h */ = {isa = PBXFileReference; fileEncoding = 4; lastKnownFileType = sourcecode.c.h; path = CocoaScreen.h; sourceTree = "<group>"; };
		E06E01CA17AE886D0082D70D /* CocoaApp.mm */ = {isa = PBXFileReference; fileEncoding = 4; lastKnownFileType = sourcecode.cpp.objcpp; path = CocoaApp.mm; sourceTree = "<group>"; };
		E06E01CB17AE886D0082D70D /* CocoaInput.mm */ = {isa = PBXFileReference; fileEncoding = 4; lastKnownFileType = sourcecode.cpp.objcpp; path = CocoaInput.mm; sourceTree = "<group>"; };
		E06E01CC17AE886D0082D70D /* CocoaScreen.mm */ = {isa = PBXFileReference; fileEncoding = 4; lastKnownFileType = sourcecode.cpp.objcpp; path = CocoaScreen.mm; sourceTree = "<group>"; };
		E06E01D017AE892E0082D70D /* main.cpp */ = {isa = PBXFileReference; fileEncoding = 4; lastKnownFileType = sourcecode.cpp.cpp; path = main.cpp; sourceTree = "<group>"; };
		E06E01D117AE892E0082D70D /* stdafx.h */ = {isa = PBXFileReference; fileEncoding = 4; lastKnownFileType = sourcecode.c.h; path = stdafx.h; sourceTree = "<group>"; };
		E06E01D517AE94740082D70D /* SolarSound.cpp */ = {isa = PBXFileReference; fileEncoding = 4; lastKnownFileType = sourcecode.cpp.cpp; path = SolarSound.cpp; sourceTree = "<group>"; };
		E06E01D717AE966B0082D70D /* ThreadPOSIX.cpp */ = {isa = PBXFileReference; fileEncoding = 4; lastKnownFileType = sourcecode.cpp.cpp; path = ThreadPOSIX.cpp; sourceTree = "<group>"; };
		E06E01DA17AE9BBA0082D70D /* ApplicationState.h */ = {isa = PBXFileReference; lastKnownFileType = sourcecode.c.h; path = ApplicationState.h; sourceTree = "<group>"; };
		E06E01DB17AE9C3D0082D70D /* ApplicationState.cpp */ = {isa = PBXFileReference; fileEncoding = 4; lastKnownFileType = sourcecode.cpp.cpp; path = ApplicationState.cpp; sourceTree = "<group>"; };
		E06E01DE17AE9E240082D70D /* SolarApp.h */ = {isa = PBXFileReference; fileEncoding = 4; lastKnownFileType = sourcecode.c.h; path = SolarApp.h; sourceTree = "<group>"; };
		E0852EAE17B7FF2E0044AF04 /* ftconfig.h */ = {isa = PBXFileReference; fileEncoding = 4; lastKnownFileType = sourcecode.c.h; path = ftconfig.h; sourceTree = "<group>"; };
		E0852EAF17B7FF2E0044AF04 /* ftheader.h */ = {isa = PBXFileReference; fileEncoding = 4; lastKnownFileType = sourcecode.c.h; path = ftheader.h; sourceTree = "<group>"; };
		E0852EB017B7FF2E0044AF04 /* ftmodule.h */ = {isa = PBXFileReference; fileEncoding = 4; lastKnownFileType = sourcecode.c.h; path = ftmodule.h; sourceTree = "<group>"; };
		E0852EB117B7FF2E0044AF04 /* ftoption.h */ = {isa = PBXFileReference; fileEncoding = 4; lastKnownFileType = sourcecode.c.h; path = ftoption.h; sourceTree = "<group>"; };
		E0852EB217B7FF2E0044AF04 /* ftstdlib.h */ = {isa = PBXFileReference; fileEncoding = 4; lastKnownFileType = sourcecode.c.h; path = ftstdlib.h; sourceTree = "<group>"; };
		E0852EB317B7FF2E0044AF04 /* freetype.h */ = {isa = PBXFileReference; fileEncoding = 4; lastKnownFileType = sourcecode.c.h; path = freetype.h; sourceTree = "<group>"; };
		E0852EB417B7FF2E0044AF04 /* ftadvanc.h */ = {isa = PBXFileReference; fileEncoding = 4; lastKnownFileType = sourcecode.c.h; path = ftadvanc.h; sourceTree = "<group>"; };
		E0852EB517B7FF2E0044AF04 /* ftautoh.h */ = {isa = PBXFileReference; fileEncoding = 4; lastKnownFileType = sourcecode.c.h; path = ftautoh.h; sourceTree = "<group>"; };
		E0852EB617B7FF2E0044AF04 /* ftbbox.h */ = {isa = PBXFileReference; fileEncoding = 4; lastKnownFileType = sourcecode.c.h; path = ftbbox.h; sourceTree = "<group>"; };
		E0852EB717B7FF2E0044AF04 /* ftbdf.h */ = {isa = PBXFileReference; fileEncoding = 4; lastKnownFileType = sourcecode.c.h; path = ftbdf.h; sourceTree = "<group>"; };
		E0852EB817B7FF2E0044AF04 /* ftbitmap.h */ = {isa = PBXFileReference; fileEncoding = 4; lastKnownFileType = sourcecode.c.h; path = ftbitmap.h; sourceTree = "<group>"; };
		E0852EB917B7FF2E0044AF04 /* ftbzip2.h */ = {isa = PBXFileReference; fileEncoding = 4; lastKnownFileType = sourcecode.c.h; path = ftbzip2.h; sourceTree = "<group>"; };
		E0852EBA17B7FF2E0044AF04 /* ftcache.h */ = {isa = PBXFileReference; fileEncoding = 4; lastKnownFileType = sourcecode.c.h; path = ftcache.h; sourceTree = "<group>"; };
		E0852EBB17B7FF2E0044AF04 /* ftcffdrv.h */ = {isa = PBXFileReference; fileEncoding = 4; lastKnownFileType = sourcecode.c.h; path = ftcffdrv.h; sourceTree = "<group>"; };
		E0852EBC17B7FF2E0044AF04 /* ftchapters.h */ = {isa = PBXFileReference; fileEncoding = 4; lastKnownFileType = sourcecode.c.h; path = ftchapters.h; sourceTree = "<group>"; };
		E0852EBD17B7FF2E0044AF04 /* ftcid.h */ = {isa = PBXFileReference; fileEncoding = 4; lastKnownFileType = sourcecode.c.h; path = ftcid.h; sourceTree = "<group>"; };
		E0852EBE17B7FF2E0044AF04 /* fterrdef.h */ = {isa = PBXFileReference; fileEncoding = 4; lastKnownFileType = sourcecode.c.h; path = fterrdef.h; sourceTree = "<group>"; };
		E0852EBF17B7FF2E0044AF04 /* fterrors.h */ = {isa = PBXFileReference; fileEncoding = 4; lastKnownFileType = sourcecode.c.h; path = fterrors.h; sourceTree = "<group>"; };
		E0852EC017B7FF2E0044AF04 /* ftgasp.h */ = {isa = PBXFileReference; fileEncoding = 4; lastKnownFileType = sourcecode.c.h; path = ftgasp.h; sourceTree = "<group>"; };
		E0852EC117B7FF2E0044AF04 /* ftglyph.h */ = {isa = PBXFileReference; fileEncoding = 4; lastKnownFileType = sourcecode.c.h; path = ftglyph.h; sourceTree = "<group>"; };
		E0852EC217B7FF2E0044AF04 /* ftgxval.h */ = {isa = PBXFileReference; fileEncoding = 4; lastKnownFileType = sourcecode.c.h; path = ftgxval.h; sourceTree = "<group>"; };
		E0852EC317B7FF2E0044AF04 /* ftgzip.h */ = {isa = PBXFileReference; fileEncoding = 4; lastKnownFileType = sourcecode.c.h; path = ftgzip.h; sourceTree = "<group>"; };
		E0852EC417B7FF2E0044AF04 /* ftimage.h */ = {isa = PBXFileReference; fileEncoding = 4; lastKnownFileType = sourcecode.c.h; path = ftimage.h; sourceTree = "<group>"; };
		E0852EC517B7FF2E0044AF04 /* ftincrem.h */ = {isa = PBXFileReference; fileEncoding = 4; lastKnownFileType = sourcecode.c.h; path = ftincrem.h; sourceTree = "<group>"; };
		E0852EC617B7FF2E0044AF04 /* ftlcdfil.h */ = {isa = PBXFileReference; fileEncoding = 4; lastKnownFileType = sourcecode.c.h; path = ftlcdfil.h; sourceTree = "<group>"; };
		E0852EC717B7FF2E0044AF04 /* ftlist.h */ = {isa = PBXFileReference; fileEncoding = 4; lastKnownFileType = sourcecode.c.h; path = ftlist.h; sourceTree = "<group>"; };
		E0852EC817B7FF2E0044AF04 /* ftlzw.h */ = {isa = PBXFileReference; fileEncoding = 4; lastKnownFileType = sourcecode.c.h; path = ftlzw.h; sourceTree = "<group>"; };
		E0852EC917B7FF2E0044AF04 /* ftmac.h */ = {isa = PBXFileReference; fileEncoding = 4; lastKnownFileType = sourcecode.c.h; path = ftmac.h; sourceTree = "<group>"; };
		E0852ECA17B7FF2E0044AF04 /* ftmm.h */ = {isa = PBXFileReference; fileEncoding = 4; lastKnownFileType = sourcecode.c.h; path = ftmm.h; sourceTree = "<group>"; };
		E0852ECB17B7FF2E0044AF04 /* ftmodapi.h */ = {isa = PBXFileReference; fileEncoding = 4; lastKnownFileType = sourcecode.c.h; path = ftmodapi.h; sourceTree = "<group>"; };
		E0852ECC17B7FF2E0044AF04 /* ftmoderr.h */ = {isa = PBXFileReference; fileEncoding = 4; lastKnownFileType = sourcecode.c.h; path = ftmoderr.h; sourceTree = "<group>"; };
		E0852ECD17B7FF2E0044AF04 /* ftotval.h */ = {isa = PBXFileReference; fileEncoding = 4; lastKnownFileType = sourcecode.c.h; path = ftotval.h; sourceTree = "<group>"; };
		E0852ECE17B7FF2E0044AF04 /* ftoutln.h */ = {isa = PBXFileReference; fileEncoding = 4; lastKnownFileType = sourcecode.c.h; path = ftoutln.h; sourceTree = "<group>"; };
		E0852ECF17B7FF2E0044AF04 /* ftpfr.h */ = {isa = PBXFileReference; fileEncoding = 4; lastKnownFileType = sourcecode.c.h; path = ftpfr.h; sourceTree = "<group>"; };
		E0852ED017B7FF2E0044AF04 /* ftrender.h */ = {isa = PBXFileReference; fileEncoding = 4; lastKnownFileType = sourcecode.c.h; path = ftrender.h; sourceTree = "<group>"; };
		E0852ED117B7FF2E0044AF04 /* ftsizes.h */ = {isa = PBXFileReference; fileEncoding = 4; lastKnownFileType = sourcecode.c.h; path = ftsizes.h; sourceTree = "<group>"; };
		E0852ED217B7FF2E0044AF04 /* ftsnames.h */ = {isa = PBXFileReference; fileEncoding = 4; lastKnownFileType = sourcecode.c.h; path = ftsnames.h; sourceTree = "<group>"; };
		E0852ED317B7FF2E0044AF04 /* ftstroke.h */ = {isa = PBXFileReference; fileEncoding = 4; lastKnownFileType = sourcecode.c.h; path = ftstroke.h; sourceTree = "<group>"; };
		E0852ED417B7FF2E0044AF04 /* ftsynth.h */ = {isa = PBXFileReference; fileEncoding = 4; lastKnownFileType = sourcecode.c.h; path = ftsynth.h; sourceTree = "<group>"; };
		E0852ED517B7FF2E0044AF04 /* ftsystem.h */ = {isa = PBXFileReference; fileEncoding = 4; lastKnownFileType = sourcecode.c.h; path = ftsystem.h; sourceTree = "<group>"; };
		E0852ED617B7FF2E0044AF04 /* fttrigon.h */ = {isa = PBXFileReference; fileEncoding = 4; lastKnownFileType = sourcecode.c.h; path = fttrigon.h; sourceTree = "<group>"; };
		E0852ED717B7FF2E0044AF04 /* ftttdrv.h */ = {isa = PBXFileReference; fileEncoding = 4; lastKnownFileType = sourcecode.c.h; path = ftttdrv.h; sourceTree = "<group>"; };
		E0852ED817B7FF2E0044AF04 /* fttypes.h */ = {isa = PBXFileReference; fileEncoding = 4; lastKnownFileType = sourcecode.c.h; path = fttypes.h; sourceTree = "<group>"; };
		E0852ED917B7FF2E0044AF04 /* ftwinfnt.h */ = {isa = PBXFileReference; fileEncoding = 4; lastKnownFileType = sourcecode.c.h; path = ftwinfnt.h; sourceTree = "<group>"; };
		E0852EDA17B7FF2E0044AF04 /* ftxf86.h */ = {isa = PBXFileReference; fileEncoding = 4; lastKnownFileType = sourcecode.c.h; path = ftxf86.h; sourceTree = "<group>"; };
		E0852EDC17B7FF2E0044AF04 /* autohint.h */ = {isa = PBXFileReference; fileEncoding = 4; lastKnownFileType = sourcecode.c.h; path = autohint.h; sourceTree = "<group>"; };
		E0852EDD17B7FF2E0044AF04 /* ftcalc.h */ = {isa = PBXFileReference; fileEncoding = 4; lastKnownFileType = sourcecode.c.h; path = ftcalc.h; sourceTree = "<group>"; };
		E0852EDE17B7FF2E0044AF04 /* ftdebug.h */ = {isa = PBXFileReference; fileEncoding = 4; lastKnownFileType = sourcecode.c.h; path = ftdebug.h; sourceTree = "<group>"; };
		E0852EDF17B7FF2E0044AF04 /* ftdriver.h */ = {isa = PBXFileReference; fileEncoding = 4; lastKnownFileType = sourcecode.c.h; path = ftdriver.h; sourceTree = "<group>"; };
		E0852EE017B7FF2E0044AF04 /* ftgloadr.h */ = {isa = PBXFileReference; fileEncoding = 4; lastKnownFileType = sourcecode.c.h; path = ftgloadr.h; sourceTree = "<group>"; };
		E0852EE117B7FF2E0044AF04 /* ftmemory.h */ = {isa = PBXFileReference; fileEncoding = 4; lastKnownFileType = sourcecode.c.h; path = ftmemory.h; sourceTree = "<group>"; };
		E0852EE217B7FF2E0044AF04 /* ftobjs.h */ = {isa = PBXFileReference; fileEncoding = 4; lastKnownFileType = sourcecode.c.h; path = ftobjs.h; sourceTree = "<group>"; };
		E0852EE317B7FF2E0044AF04 /* ftpic.h */ = {isa = PBXFileReference; fileEncoding = 4; lastKnownFileType = sourcecode.c.h; path = ftpic.h; sourceTree = "<group>"; };
		E0852EE417B7FF2E0044AF04 /* ftrfork.h */ = {isa = PBXFileReference; fileEncoding = 4; lastKnownFileType = sourcecode.c.h; path = ftrfork.h; sourceTree = "<group>"; };
		E0852EE517B7FF2E0044AF04 /* ftserv.h */ = {isa = PBXFileReference; fileEncoding = 4; lastKnownFileType = sourcecode.c.h; path = ftserv.h; sourceTree = "<group>"; };
		E0852EE617B7FF2E0044AF04 /* ftstream.h */ = {isa = PBXFileReference; fileEncoding = 4; lastKnownFileType = sourcecode.c.h; path = ftstream.h; sourceTree = "<group>"; };
		E0852EE717B7FF2E0044AF04 /* fttrace.h */ = {isa = PBXFileReference; fileEncoding = 4; lastKnownFileType = sourcecode.c.h; path = fttrace.h; sourceTree = "<group>"; };
		E0852EE817B7FF2E0044AF04 /* ftvalid.h */ = {isa = PBXFileReference; fileEncoding = 4; lastKnownFileType = sourcecode.c.h; path = ftvalid.h; sourceTree = "<group>"; };
		E0852EE917B7FF2E0044AF04 /* internal.h */ = {isa = PBXFileReference; fileEncoding = 4; lastKnownFileType = sourcecode.c.h; path = internal.h; sourceTree = "<group>"; };
		E0852EEA17B7FF2E0044AF04 /* psaux.h */ = {isa = PBXFileReference; fileEncoding = 4; lastKnownFileType = sourcecode.c.h; path = psaux.h; sourceTree = "<group>"; };
		E0852EEB17B7FF2E0044AF04 /* pshints.h */ = {isa = PBXFileReference; fileEncoding = 4; lastKnownFileType = sourcecode.c.h; path = pshints.h; sourceTree = "<group>"; };
		E0852EED17B7FF2E0044AF04 /* svbdf.h */ = {isa = PBXFileReference; fileEncoding = 4; lastKnownFileType = sourcecode.c.h; path = svbdf.h; sourceTree = "<group>"; };
		E0852EEE17B7FF2E0044AF04 /* svcid.h */ = {isa = PBXFileReference; fileEncoding = 4; lastKnownFileType = sourcecode.c.h; path = svcid.h; sourceTree = "<group>"; };
		E0852EEF17B7FF2E0044AF04 /* svgldict.h */ = {isa = PBXFileReference; fileEncoding = 4; lastKnownFileType = sourcecode.c.h; path = svgldict.h; sourceTree = "<group>"; };
		E0852EF017B7FF2E0044AF04 /* svgxval.h */ = {isa = PBXFileReference; fileEncoding = 4; lastKnownFileType = sourcecode.c.h; path = svgxval.h; sourceTree = "<group>"; };
		E0852EF117B7FF2E0044AF04 /* svkern.h */ = {isa = PBXFileReference; fileEncoding = 4; lastKnownFileType = sourcecode.c.h; path = svkern.h; sourceTree = "<group>"; };
		E0852EF217B7FF2E0044AF04 /* svmm.h */ = {isa = PBXFileReference; fileEncoding = 4; lastKnownFileType = sourcecode.c.h; path = svmm.h; sourceTree = "<group>"; };
		E0852EF317B7FF2E0044AF04 /* svotval.h */ = {isa = PBXFileReference; fileEncoding = 4; lastKnownFileType = sourcecode.c.h; path = svotval.h; sourceTree = "<group>"; };
		E0852EF417B7FF2E0044AF04 /* svpfr.h */ = {isa = PBXFileReference; fileEncoding = 4; lastKnownFileType = sourcecode.c.h; path = svpfr.h; sourceTree = "<group>"; };
		E0852EF517B7FF2E0044AF04 /* svpostnm.h */ = {isa = PBXFileReference; fileEncoding = 4; lastKnownFileType = sourcecode.c.h; path = svpostnm.h; sourceTree = "<group>"; };
		E0852EF617B7FF2E0044AF04 /* svprop.h */ = {isa = PBXFileReference; fileEncoding = 4; lastKnownFileType = sourcecode.c.h; path = svprop.h; sourceTree = "<group>"; };
		E0852EF717B7FF2E0044AF04 /* svpscmap.h */ = {isa = PBXFileReference; fileEncoding = 4; lastKnownFileType = sourcecode.c.h; path = svpscmap.h; sourceTree = "<group>"; };
		E0852EF817B7FF2E0044AF04 /* svpsinfo.h */ = {isa = PBXFileReference; fileEncoding = 4; lastKnownFileType = sourcecode.c.h; path = svpsinfo.h; sourceTree = "<group>"; };
		E0852EF917B7FF2E0044AF04 /* svsfnt.h */ = {isa = PBXFileReference; fileEncoding = 4; lastKnownFileType = sourcecode.c.h; path = svsfnt.h; sourceTree = "<group>"; };
		E0852EFA17B7FF2E0044AF04 /* svttcmap.h */ = {isa = PBXFileReference; fileEncoding = 4; lastKnownFileType = sourcecode.c.h; path = svttcmap.h; sourceTree = "<group>"; };
		E0852EFB17B7FF2E0044AF04 /* svtteng.h */ = {isa = PBXFileReference; fileEncoding = 4; lastKnownFileType = sourcecode.c.h; path = svtteng.h; sourceTree = "<group>"; };
		E0852EFC17B7FF2E0044AF04 /* svttglyf.h */ = {isa = PBXFileReference; fileEncoding = 4; lastKnownFileType = sourcecode.c.h; path = svttglyf.h; sourceTree = "<group>"; };
		E0852EFD17B7FF2E0044AF04 /* svwinfnt.h */ = {isa = PBXFileReference; fileEncoding = 4; lastKnownFileType = sourcecode.c.h; path = svwinfnt.h; sourceTree = "<group>"; };
		E0852EFE17B7FF2E0044AF04 /* svxf86nm.h */ = {isa = PBXFileReference; fileEncoding = 4; lastKnownFileType = sourcecode.c.h; path = svxf86nm.h; sourceTree = "<group>"; };
		E0852EFF17B7FF2E0044AF04 /* sfnt.h */ = {isa = PBXFileReference; fileEncoding = 4; lastKnownFileType = sourcecode.c.h; path = sfnt.h; sourceTree = "<group>"; };
		E0852F0017B7FF2E0044AF04 /* t1types.h */ = {isa = PBXFileReference; fileEncoding = 4; lastKnownFileType = sourcecode.c.h; path = t1types.h; sourceTree = "<group>"; };
		E0852F0117B7FF2E0044AF04 /* tttypes.h */ = {isa = PBXFileReference; fileEncoding = 4; lastKnownFileType = sourcecode.c.h; path = tttypes.h; sourceTree = "<group>"; };
		E0852F0217B7FF2E0044AF04 /* t1tables.h */ = {isa = PBXFileReference; fileEncoding = 4; lastKnownFileType = sourcecode.c.h; path = t1tables.h; sourceTree = "<group>"; };
		E0852F0317B7FF2E0044AF04 /* ttnameid.h */ = {isa = PBXFileReference; fileEncoding = 4; lastKnownFileType = sourcecode.c.h; path = ttnameid.h; sourceTree = "<group>"; };
		E0852F0417B7FF2E0044AF04 /* tttables.h */ = {isa = PBXFileReference; fileEncoding = 4; lastKnownFileType = sourcecode.c.h; path = tttables.h; sourceTree = "<group>"; };
		E0852F0517B7FF2E0044AF04 /* tttags.h */ = {isa = PBXFileReference; fileEncoding = 4; lastKnownFileType = sourcecode.c.h; path = tttags.h; sourceTree = "<group>"; };
		E0852F0617B7FF2E0044AF04 /* ttunpat.h */ = {isa = PBXFileReference; fileEncoding = 4; lastKnownFileType = sourcecode.c.h; path = ttunpat.h; sourceTree = "<group>"; };
		E0852F0717B7FF2E0044AF04 /* ft2build.h */ = {isa = PBXFileReference; fileEncoding = 4; lastKnownFileType = sourcecode.c.h; path = ft2build.h; sourceTree = "<group>"; };
		E0852F0917B7FF2E0044AF04 /* libfreetype.a */ = {isa = PBXFileReference; lastKnownFileType = archive.ar; path = libfreetype.a; sourceTree = "<group>"; };
		E0852F0B17B7FF370044AF04 /* BMFontLoader.h */ = {isa = PBXFileReference; fileEncoding = 4; lastKnownFileType = sourcecode.c.h; path = BMFontLoader.h; sourceTree = "<group>"; };
		E0852F0C17B7FF370044AF04 /* Font.h */ = {isa = PBXFileReference; fileEncoding = 4; lastKnownFileType = sourcecode.c.h; path = Font.h; sourceTree = "<group>"; };
		E0852F0D17B7FF370044AF04 /* FreeTypeFontLoader.h */ = {isa = PBXFileReference; fileEncoding = 4; lastKnownFileType = sourcecode.c.h; path = FreeTypeFontLoader.h; sourceTree = "<group>"; };
		E0852F0E17B7FF4C0044AF04 /* BMFontLoader.cpp */ = {isa = PBXFileReference; fileEncoding = 4; lastKnownFileType = sourcecode.cpp.cpp; path = BMFontLoader.cpp; sourceTree = "<group>"; };
		E0852F0F17B7FF4C0044AF04 /* Font.cpp */ = {isa = PBXFileReference; fileEncoding = 4; lastKnownFileType = sourcecode.cpp.cpp; path = Font.cpp; sourceTree = "<group>"; };
		E0852F1017B7FF4C0044AF04 /* FreeTypeFontLoader.cpp */ = {isa = PBXFileReference; fileEncoding = 4; lastKnownFileType = sourcecode.cpp.cpp; path = FreeTypeFontLoader.cpp; sourceTree = "<group>"; };
		E0852F1417B802780044AF04 /* Color.h */ = {isa = PBXFileReference; fileEncoding = 4; lastKnownFileType = sourcecode.c.h; path = Color.h; sourceTree = "<group>"; };
		E08B10E817B007CC00DD8B01 /* SolarSystemMenu.cpp */ = {isa = PBXFileReference; fileEncoding = 4; lastKnownFileType = sourcecode.cpp.cpp; path = SolarSystemMenu.cpp; sourceTree = "<group>"; };
		E08B10E917B007CC00DD8B01 /* SolarSystemMenu.h */ = {isa = PBXFileReference; fileEncoding = 4; lastKnownFileType = sourcecode.c.h; path = SolarSystemMenu.h; sourceTree = "<group>"; };
		E08B252D17AEFB6400FCBCC5 /* SolarApp.cpp */ = {isa = PBXFileReference; fileEncoding = 4; lastKnownFileType = sourcecode.cpp.cpp; path = SolarApp.cpp; sourceTree = "<group>"; };
/* End PBXFileReference section */

/* Begin PBXFrameworksBuildPhase section */
		E021E5AD17AE7A250075C30D /* Frameworks */ = {
			isa = PBXFrameworksBuildPhase;
			buildActionMask = 2147483647;
			files = (
				E06E019417AE7B830082D70D /* OpenAL.framework in Frameworks */,
				E06E019217AE7B7D0082D70D /* OpenGL.framework in Frameworks */,
				E06E019017AE7B750082D70D /* libbz2.dylib in Frameworks */,
				E06E018E17AE7B700082D70D /* libz.dylib in Frameworks */,
				E06E018C17AE7B690082D70D /* Cocoa.framework in Frameworks */,
				E0852F0A17B7FF2E0044AF04 /* libfreetype.a in Frameworks */,
			);
			runOnlyForDeploymentPostprocessing = 0;
		};
/* End PBXFrameworksBuildPhase section */

/* Begin PBXGroup section */
		E021E5A517AE799E0075C30D = {
			isa = PBXGroup;
			children = (
				E0852EAA17B7FF2E0044AF04 /* dependences-osx64 */,
				E08B252D17AEFB6400FCBCC5 /* SolarApp.cpp */,
				E06E01DE17AE9E240082D70D /* SolarApp.h */,
				E06E01D017AE892E0082D70D /* main.cpp */,
				E06E01D117AE892E0082D70D /* stdafx.h */,
				E06E019517AE7C330082D70D /* include */,
				E06E019317AE7B830082D70D /* OpenAL.framework */,
				E06E019117AE7B7D0082D70D /* OpenGL.framework */,
				E06E018F17AE7B750082D70D /* libbz2.dylib */,
				E06E018D17AE7B700082D70D /* libz.dylib */,
				E06E018B17AE7B690082D70D /* Cocoa.framework */,
				E06E017317AE7B480082D70D /* SolarSystem */,
				E021E5BA17AE7A860075C30D /* SolarAudio */,
				E021E5C417AE7A860075C30D /* SolarGui */,
				E021E5CD17AE7A860075C30D /* src */,
				E021E5B117AE7A250075C30D /* Products */,
			);
			sourceTree = "<group>";
		};
		E021E5B117AE7A250075C30D /* Products */ = {
			isa = PBXGroup;
			children = (
				E021E5B017AE7A250075C30D /* SolarSystem */,
			);
			name = Products;
			sourceTree = "<group>";
		};
		E021E5BA17AE7A860075C30D /* SolarAudio */ = {
			isa = PBXGroup;
			children = (
				E021E5BB17AE7A860075C30D /* AbstractSource .h */,
				E021E5BC17AE7A860075C30D /* AbstractSource.cpp */,
				E021E5BD17AE7A860075C30D /* APIAudio.cpp */,
				E021E5BE17AE7A860075C30D /* APIAudio.h */,
				E021E5BF17AE7A860075C30D /* Music.h */,
				E021E5C017AE7A860075C30D /* SolarSound.h */,
				E021E5C117AE7A860075C30D /* Sound.cpp */,
				E021E5C217AE7A860075C30D /* Sound.h */,
				E021E5C317AE7A860075C30D /* WavLoader.cpp */,
				E06E01D517AE94740082D70D /* SolarSound.cpp */,
			);
			path = SolarAudio;
			sourceTree = "<group>";
		};
		E021E5C417AE7A860075C30D /* SolarGui */ = {
			isa = PBXGroup;
			children = (
				E021E5C517AE7A860075C30D /* SolarButton.cpp */,
				E021E5C617AE7A860075C30D /* SolarButton.h */,
				E021E5C717AE7A860075C30D /* SolarDialog.cpp */,
				E021E5C817AE7A860075C30D /* SolarDialog.h */,
				E021E5C917AE7A860075C30D /* SolarMenu.cpp */,
				E021E5CA17AE7A860075C30D /* SolarMenu.h */,
				E021E5CB17AE7A860075C30D /* SolarStartMenu.cpp */,
				E021E5CC17AE7A860075C30D /* SolarStartMenu.h */,
			);
			path = SolarGui;
			sourceTree = "<group>";
		};
		E021E5CD17AE7A860075C30D /* src */ = {
			isa = PBXGroup;
			children = (
				E0852F0E17B7FF4C0044AF04 /* BMFontLoader.cpp */,
				E0852F0F17B7FF4C0044AF04 /* Font.cpp */,
				E0852F1017B7FF4C0044AF04 /* FreeTypeFontLoader.cpp */,
				E06E01C917AE886D0082D70D /* cocoa */,
				E06E01B417AE7CF20082D70D /* Image */,
				E021E5CE17AE7A860075C30D /* Application.cpp */,
				E021E5CF17AE7A860075C30D /* Camera.cpp */,
				E021E5D017AE7A860075C30D /* Debug.cpp */,
				E021E5D117AE7A860075C30D /* EString.cpp */,
				E021E5D217AE7A860075C30D /* ETime.cpp */,
				E021E5D817AE7A860075C30D /* Input.cpp */,
				E021E5DE17AE7A860075C30D /* MainInstance.cpp */,
				E021E5DF17AE7A860075C30D /* Math2D.cpp */,
				E021E5E217AE7A860075C30D /* Math2D_SSE2.cpp */,
				E021E5E317AE7A860075C30D /* Math2D_SSE2.h */,
				E021E5E617AE7A860075C30D /* Object.cpp */,
				E021E5E717AE7A860075C30D /* Screen.cpp */,
				E021E5E817AE7A860075C30D /* Shader.cpp */,
				E021E5E917AE7A860075C30D /* Table.cpp */,
				E021E5EA17AE7A860075C30D /* Texture.cpp */,
				E021E5EB17AE7A860075C30D /* Thread */,
				E021E5F417AE7A860075C30D /* Timer.cpp */,
				E021E5F517AE7A860075C30D /* Utility.cpp */,
				E06E01DB17AE9C3D0082D70D /* ApplicationState.cpp */,
			);
			path = src;
			sourceTree = "<group>";
		};
		E021E5EB17AE7A860075C30D /* Thread */ = {
			isa = PBXGroup;
			children = (
				E021E5EC17AE7A860075C30D /* Mutex.h */,
				E021E5ED17AE7A860075C30D /* MutexConf.h */,
				E021E5EE17AE7A860075C30D /* MutexPOSIX.cpp */,
				E021E5F017AE7A860075C30D /* Thread.h */,
				E021E5F117AE7A860075C30D /* ThreadConf.h */,
				E06E01D717AE966B0082D70D /* ThreadPOSIX.cpp */,
			);
			path = Thread;
			sourceTree = "<group>";
		};
		E06E017317AE7B480082D70D /* SolarSystem */ = {
			isa = PBXGroup;
			children = (
				E08B10E817B007CC00DD8B01 /* SolarSystemMenu.cpp */,
				E08B10E917B007CC00DD8B01 /* SolarSystemMenu.h */,
				E06E017417AE7B480082D70D /* Planet.cpp */,
				E06E017517AE7B480082D70D /* Planet.h */,
				E06E017617AE7B480082D70D /* PlanetOldSystem.zip */,
				E06E017717AE7B480082D70D /* PlanetsManager.cpp */,
				E06E017817AE7B480082D70D /* PlanetsManager.h */,
				E06E017917AE7B480082D70D /* SolarFly.cpp */,
				E06E017A17AE7B480082D70D /* SolarFly.h */,
				E06E017B17AE7B480082D70D /* SolarMain.h */,
				E06E017C17AE7B480082D70D /* SolarRender.cpp */,
				E06E017D17AE7B480082D70D /* SolarRender.h */,
				E06E017E17AE7B480082D70D /* SolarRings.cpp */,
				E06E017F17AE7B480082D70D /* SolarRings.h */,
				E06E018017AE7B480082D70D /* SolarShadow.cpp */,
				E06E018117AE7B480082D70D /* SolarShadow.h */,
				E06E018217AE7B480082D70D /* SolarSky.cpp */,
				E06E018317AE7B480082D70D /* SolarSky.h */,
			);
			path = SolarSystem;
			sourceTree = "<group>";
		};
		E06E019517AE7C330082D70D /* include */ = {
			isa = PBXGroup;
			children = (
				E0852F1417B802780044AF04 /* Color.h */,
				E0852F0B17B7FF370044AF04 /* BMFontLoader.h */,
				E0852F0C17B7FF370044AF04 /* Font.h */,
				E0852F0D17B7FF370044AF04 /* FreeTypeFontLoader.h */,
				E06E01C517AE884B0082D70D /* cocoa */,
				E06E019617AE7C330082D70D /* Application.h */,
				E06E019717AE7C330082D70D /* Camera.h */,
				E06E019817AE7C330082D70D /* Config.h */,
				E06E019917AE7C330082D70D /* Debug.h */,
				E06E019A17AE7C330082D70D /* EString.h */,
				E06E019B17AE7C330082D70D /* ETime.h */,
				E06E019C17AE7C330082D70D /* Input.h */,
				E06E01A217AE7C330082D70D /* MainInstance.h */,
				E06E01A317AE7C330082D70D /* Math2D.h */,
				E06E01A417AE7C330082D70D /* Object.h */,
				E06E01A517AE7C330082D70D /* Screen.h */,
				E06E01A617AE7C330082D70D /* Shader.h */,
				E06E01A717AE7C330082D70D /* Table.h */,
				E06E01A817AE7C330082D70D /* Texture.h */,
				E06E01A917AE7C330082D70D /* Timer.h */,
				E06E01AA17AE7C330082D70D /* Types.h */,
				E06E01AB17AE7C330082D70D /* Utility.h */,
				E06E01DA17AE9BBA0082D70D /* ApplicationState.h */,
			);
			path = include;
			sourceTree = "<group>";
		};
		E06E01B417AE7CF20082D70D /* Image */ = {
			isa = PBXGroup;
			children = (
				E06E01B517AE7CF20082D70D /* Image.h */,
				E06E01B617AE7CF20082D70D /* Image.inl */,
				E06E01B717AE7CF20082D70D /* lodepng.cpp */,
				E06E01B817AE7CF20082D70D /* lodepng.h */,
			);
			path = Image;
			sourceTree = "<group>";
		};
		E06E01C517AE884B0082D70D /* cocoa */ = {
			isa = PBXGroup;
			children = (
				E06E01C617AE884B0082D70D /* CocoaApp.h */,
				E06E01C717AE884B0082D70D /* CocoaInput.h */,
				E06E01C817AE884B0082D70D /* CocoaScreen.h */,
			);
			path = cocoa;
			sourceTree = "<group>";
		};
		E06E01C917AE886D0082D70D /* cocoa */ = {
			isa = PBXGroup;
			children = (
				E06E01CA17AE886D0082D70D /* CocoaApp.mm */,
				E06E01CB17AE886D0082D70D /* CocoaInput.mm */,
				E06E01CC17AE886D0082D70D /* CocoaScreen.mm */,
			);
			path = cocoa;
			sourceTree = "<group>";
		};
		E0852EAA17B7FF2E0044AF04 /* dependences-osx64 */ = {
			isa = PBXGroup;
			children = (
				E0852EAB17B7FF2E0044AF04 /* include */,
				E0852F0817B7FF2E0044AF04 /* lib */,
			);
			path = "dependences-osx64";
			sourceTree = "<group>";
		};
		E0852EAB17B7FF2E0044AF04 /* include */ = {
			isa = PBXGroup;
			children = (
				E0852EAC17B7FF2E0044AF04 /* freetype */,
				E0852F0717B7FF2E0044AF04 /* ft2build.h */,
			);
			path = include;
			sourceTree = "<group>";
		};
		E0852EAC17B7FF2E0044AF04 /* freetype */ = {
			isa = PBXGroup;
			children = (
				E0852EAD17B7FF2E0044AF04 /* config */,
				E0852EB317B7FF2E0044AF04 /* freetype.h */,
				E0852EB417B7FF2E0044AF04 /* ftadvanc.h */,
				E0852EB517B7FF2E0044AF04 /* ftautoh.h */,
				E0852EB617B7FF2E0044AF04 /* ftbbox.h */,
				E0852EB717B7FF2E0044AF04 /* ftbdf.h */,
				E0852EB817B7FF2E0044AF04 /* ftbitmap.h */,
				E0852EB917B7FF2E0044AF04 /* ftbzip2.h */,
				E0852EBA17B7FF2E0044AF04 /* ftcache.h */,
				E0852EBB17B7FF2E0044AF04 /* ftcffdrv.h */,
				E0852EBC17B7FF2E0044AF04 /* ftchapters.h */,
				E0852EBD17B7FF2E0044AF04 /* ftcid.h */,
				E0852EBE17B7FF2E0044AF04 /* fterrdef.h */,
				E0852EBF17B7FF2E0044AF04 /* fterrors.h */,
				E0852EC017B7FF2E0044AF04 /* ftgasp.h */,
				E0852EC117B7FF2E0044AF04 /* ftglyph.h */,
				E0852EC217B7FF2E0044AF04 /* ftgxval.h */,
				E0852EC317B7FF2E0044AF04 /* ftgzip.h */,
				E0852EC417B7FF2E0044AF04 /* ftimage.h */,
				E0852EC517B7FF2E0044AF04 /* ftincrem.h */,
				E0852EC617B7FF2E0044AF04 /* ftlcdfil.h */,
				E0852EC717B7FF2E0044AF04 /* ftlist.h */,
				E0852EC817B7FF2E0044AF04 /* ftlzw.h */,
				E0852EC917B7FF2E0044AF04 /* ftmac.h */,
				E0852ECA17B7FF2E0044AF04 /* ftmm.h */,
				E0852ECB17B7FF2E0044AF04 /* ftmodapi.h */,
				E0852ECC17B7FF2E0044AF04 /* ftmoderr.h */,
				E0852ECD17B7FF2E0044AF04 /* ftotval.h */,
				E0852ECE17B7FF2E0044AF04 /* ftoutln.h */,
				E0852ECF17B7FF2E0044AF04 /* ftpfr.h */,
				E0852ED017B7FF2E0044AF04 /* ftrender.h */,
				E0852ED117B7FF2E0044AF04 /* ftsizes.h */,
				E0852ED217B7FF2E0044AF04 /* ftsnames.h */,
				E0852ED317B7FF2E0044AF04 /* ftstroke.h */,
				E0852ED417B7FF2E0044AF04 /* ftsynth.h */,
				E0852ED517B7FF2E0044AF04 /* ftsystem.h */,
				E0852ED617B7FF2E0044AF04 /* fttrigon.h */,
				E0852ED717B7FF2E0044AF04 /* ftttdrv.h */,
				E0852ED817B7FF2E0044AF04 /* fttypes.h */,
				E0852ED917B7FF2E0044AF04 /* ftwinfnt.h */,
				E0852EDA17B7FF2E0044AF04 /* ftxf86.h */,
				E0852EDB17B7FF2E0044AF04 /* internal */,
				E0852F0217B7FF2E0044AF04 /* t1tables.h */,
				E0852F0317B7FF2E0044AF04 /* ttnameid.h */,
				E0852F0417B7FF2E0044AF04 /* tttables.h */,
				E0852F0517B7FF2E0044AF04 /* tttags.h */,
				E0852F0617B7FF2E0044AF04 /* ttunpat.h */,
			);
			path = freetype;
			sourceTree = "<group>";
		};
		E0852EAD17B7FF2E0044AF04 /* config */ = {
			isa = PBXGroup;
			children = (
				E0852EAE17B7FF2E0044AF04 /* ftconfig.h */,
				E0852EAF17B7FF2E0044AF04 /* ftheader.h */,
				E0852EB017B7FF2E0044AF04 /* ftmodule.h */,
				E0852EB117B7FF2E0044AF04 /* ftoption.h */,
				E0852EB217B7FF2E0044AF04 /* ftstdlib.h */,
			);
			path = config;
			sourceTree = "<group>";
		};
		E0852EDB17B7FF2E0044AF04 /* internal */ = {
			isa = PBXGroup;
			children = (
				E0852EDC17B7FF2E0044AF04 /* autohint.h */,
				E0852EDD17B7FF2E0044AF04 /* ftcalc.h */,
				E0852EDE17B7FF2E0044AF04 /* ftdebug.h */,
				E0852EDF17B7FF2E0044AF04 /* ftdriver.h */,
				E0852EE017B7FF2E0044AF04 /* ftgloadr.h */,
				E0852EE117B7FF2E0044AF04 /* ftmemory.h */,
				E0852EE217B7FF2E0044AF04 /* ftobjs.h */,
				E0852EE317B7FF2E0044AF04 /* ftpic.h */,
				E0852EE417B7FF2E0044AF04 /* ftrfork.h */,
				E0852EE517B7FF2E0044AF04 /* ftserv.h */,
				E0852EE617B7FF2E0044AF04 /* ftstream.h */,
				E0852EE717B7FF2E0044AF04 /* fttrace.h */,
				E0852EE817B7FF2E0044AF04 /* ftvalid.h */,
				E0852EE917B7FF2E0044AF04 /* internal.h */,
				E0852EEA17B7FF2E0044AF04 /* psaux.h */,
				E0852EEB17B7FF2E0044AF04 /* pshints.h */,
				E0852EEC17B7FF2E0044AF04 /* services */,
				E0852EFF17B7FF2E0044AF04 /* sfnt.h */,
				E0852F0017B7FF2E0044AF04 /* t1types.h */,
				E0852F0117B7FF2E0044AF04 /* tttypes.h */,
			);
			path = internal;
			sourceTree = "<group>";
		};
		E0852EEC17B7FF2E0044AF04 /* services */ = {
			isa = PBXGroup;
			children = (
				E0852EED17B7FF2E0044AF04 /* svbdf.h */,
				E0852EEE17B7FF2E0044AF04 /* svcid.h */,
				E0852EEF17B7FF2E0044AF04 /* svgldict.h */,
				E0852EF017B7FF2E0044AF04 /* svgxval.h */,
				E0852EF117B7FF2E0044AF04 /* svkern.h */,
				E0852EF217B7FF2E0044AF04 /* svmm.h */,
				E0852EF317B7FF2E0044AF04 /* svotval.h */,
				E0852EF417B7FF2E0044AF04 /* svpfr.h */,
				E0852EF517B7FF2E0044AF04 /* svpostnm.h */,
				E0852EF617B7FF2E0044AF04 /* svprop.h */,
				E0852EF717B7FF2E0044AF04 /* svpscmap.h */,
				E0852EF817B7FF2E0044AF04 /* svpsinfo.h */,
				E0852EF917B7FF2E0044AF04 /* svsfnt.h */,
				E0852EFA17B7FF2E0044AF04 /* svttcmap.h */,
				E0852EFB17B7FF2E0044AF04 /* svtteng.h */,
				E0852EFC17B7FF2E0044AF04 /* svttglyf.h */,
				E0852EFD17B7FF2E0044AF04 /* svwinfnt.h */,
				E0852EFE17B7FF2E0044AF04 /* svxf86nm.h */,
			);
			path = services;
			sourceTree = "<group>";
		};
		E0852F0817B7FF2E0044AF04 /* lib */ = {
			isa = PBXGroup;
			children = (
				E0852F0917B7FF2E0044AF04 /* libfreetype.a */,
			);
			path = lib;
			sourceTree = "<group>";
		};
/* End PBXGroup section */

/* Begin PBXNativeTarget section */
		E021E5AF17AE7A250075C30D /* SolarSystem */ = {
			isa = PBXNativeTarget;
			buildConfigurationList = E021E5B917AE7A260075C30D /* Build configuration list for PBXNativeTarget "SolarSystem" */;
			buildPhases = (
				E021E5AC17AE7A250075C30D /* Sources */,
				E021E5AD17AE7A250075C30D /* Frameworks */,
				E021E5AE17AE7A250075C30D /* CopyFiles */,
			);
			buildRules = (
			);
			dependencies = (
			);
			name = SolarSystem;
			productName = SolarSystem;
			productReference = E021E5B017AE7A250075C30D /* SolarSystem */;
			productType = "com.apple.product-type.tool";
		};
/* End PBXNativeTarget section */

/* Begin PBXProject section */
		E021E5A617AE799E0075C30D /* Project object */ = {
			isa = PBXProject;
			attributes = {
				LastUpgradeCheck = 0460;
			};
			buildConfigurationList = E021E5A917AE799E0075C30D /* Build configuration list for PBXProject "SolarSystem" */;
			compatibilityVersion = "Xcode 3.2";
			developmentRegion = English;
			hasScannedForEncodings = 0;
			knownRegions = (
				en,
			);
			mainGroup = E021E5A517AE799E0075C30D;
			productRefGroup = E021E5B117AE7A250075C30D /* Products */;
			projectDirPath = "";
			projectRoot = "";
			targets = (
				E021E5AF17AE7A250075C30D /* SolarSystem */,
			);
		};
/* End PBXProject section */

/* Begin PBXSourcesBuildPhase section */
		E021E5AC17AE7A250075C30D /* Sources */ = {
			isa = PBXSourcesBuildPhase;
			buildActionMask = 2147483647;
			files = (
				E021E5FE17AE7A860075C30D /* AbstractSource.cpp in Sources */,
				E021E5FF17AE7A860075C30D /* APIAudio.cpp in Sources */,
				E021E60017AE7A860075C30D /* Sound.cpp in Sources */,
				E021E60117AE7A860075C30D /* WavLoader.cpp in Sources */,
				E021E60217AE7A860075C30D /* SolarButton.cpp in Sources */,
				E021E60317AE7A860075C30D /* SolarDialog.cpp in Sources */,
				E021E60417AE7A860075C30D /* SolarMenu.cpp in Sources */,
				E021E60517AE7A860075C30D /* SolarStartMenu.cpp in Sources */,
				E021E60617AE7A860075C30D /* Application.cpp in Sources */,
				E021E60717AE7A860075C30D /* Camera.cpp in Sources */,
				E021E60817AE7A860075C30D /* Debug.cpp in Sources */,
				E021E60917AE7A860075C30D /* EString.cpp in Sources */,
				E021E60A17AE7A860075C30D /* ETime.cpp in Sources */,
				E021E60C17AE7A860075C30D /* Input.cpp in Sources */,
				E021E61117AE7A860075C30D /* MainInstance.cpp in Sources */,
				E021E61217AE7A860075C30D /* Math2D.cpp in Sources */,
				E021E61417AE7A860075C30D /* Math2D_SSE2.cpp in Sources */,
				E021E61617AE7A860075C30D /* Object.cpp in Sources */,
				E021E61717AE7A860075C30D /* Screen.cpp in Sources */,
				E021E61817AE7A860075C30D /* Shader.cpp in Sources */,
				E021E61917AE7A860075C30D /* Table.cpp in Sources */,
				E021E61A17AE7A860075C30D /* Texture.cpp in Sources */,
				E021E61B17AE7A860075C30D /* Timer.cpp in Sources */,
				E021E61C17AE7A860075C30D /* Utility.cpp in Sources */,
				E06E018417AE7B480082D70D /* Planet.cpp in Sources */,
				E06E018517AE7B480082D70D /* PlanetsManager.cpp in Sources */,
				E06E018617AE7B480082D70D /* SolarFly.cpp in Sources */,
				E06E018717AE7B480082D70D /* SolarRender.cpp in Sources */,
				E06E018817AE7B480082D70D /* SolarRings.cpp in Sources */,
				E06E018917AE7B480082D70D /* SolarShadow.cpp in Sources */,
				E06E018A17AE7B480082D70D /* SolarSky.cpp in Sources */,
				E06E01B917AE7CF20082D70D /* lodepng.cpp in Sources */,
				E06E01CD17AE886D0082D70D /* CocoaApp.mm in Sources */,
				E06E01CE17AE886D0082D70D /* CocoaInput.mm in Sources */,
				E06E01CF17AE886D0082D70D /* CocoaScreen.mm in Sources */,
				E06E01D217AE892E0082D70D /* main.cpp in Sources */,
				E06E01D317AE922D0082D70D /* MutexPOSIX.cpp in Sources */,
				E06E01D617AE94740082D70D /* SolarSound.cpp in Sources */,
				E06E01D917AE966B0082D70D /* ThreadPOSIX.cpp in Sources */,
				E06E01DD17AE9C3E0082D70D /* ApplicationState.cpp in Sources */,
				E08B252E17AEFB6400FCBCC5 /* SolarApp.cpp in Sources */,
				E08B10EA17B007CC00DD8B01 /* SolarSystemMenu.cpp in Sources */,
				E0852F1117B7FF4C0044AF04 /* BMFontLoader.cpp in Sources */,
				E0852F1217B7FF4C0044AF04 /* Font.cpp in Sources */,
				E0852F1317B7FF4C0044AF04 /* FreeTypeFontLoader.cpp in Sources */,
			);
			runOnlyForDeploymentPostprocessing = 0;
		};
/* End PBXSourcesBuildPhase section */

/* Begin XCBuildConfiguration section */
		E021E5AA17AE799E0075C30D /* Debug */ = {
			isa = XCBuildConfiguration;
			buildSettings = {
				HEADER_SEARCH_PATHS = (
					.,
					include/,
					include/cocoa/,
					SolarSystem/,
					SolarGui/,
					SolarAudio/,
					"dependences-osx64/include/**",
				);
			};
			name = Debug;
		};
		E021E5AB17AE799E0075C30D /* Release */ = {
			isa = XCBuildConfiguration;
			buildSettings = {
				HEADER_SEARCH_PATHS = (
					.,
					include/,
					include/cocoa/,
					SolarSystem/,
					SolarGui/,
					SolarAudio/,
					"dependences-osx64/include/**",
				);
			};
			name = Release;
		};
		E021E5B717AE7A260075C30D /* Debug */ = {
			isa = XCBuildConfiguration;
			buildSettings = {
				ALWAYS_SEARCH_USER_PATHS = NO;
				ARCHS = "$(ARCHS_STANDARD_64_BIT)";
				CLANG_CXX_LANGUAGE_STANDARD = "gnu++0x";
				CLANG_CXX_LIBRARY = "libc++";
				CLANG_ENABLE_OBJC_ARC = NO;
				CLANG_WARN_CONSTANT_CONVERSION = YES;
				CLANG_WARN_EMPTY_BODY = YES;
				CLANG_WARN_ENUM_CONVERSION = YES;
				CLANG_WARN_INT_CONVERSION = YES;
				CLANG_WARN__DUPLICATE_METHOD_MATCH = YES;
				COPY_PHASE_STRIP = NO;
				GCC_C_LANGUAGE_STANDARD = gnu99;
				GCC_DYNAMIC_NO_PIC = NO;
				GCC_ENABLE_OBJC_EXCEPTIONS = YES;
				GCC_OPTIMIZATION_LEVEL = 0;
				GCC_PREPROCESSOR_DEFINITIONS = (
					"DEBUG=1",
					"$(inherited)",
				);
				GCC_SYMBOLS_PRIVATE_EXTERN = NO;
				GCC_WARN_64_TO_32_BIT_CONVERSION = YES;
				GCC_WARN_ABOUT_RETURN_TYPE = YES;
				GCC_WARN_UNINITIALIZED_AUTOS = YES;
				GCC_WARN_UNUSED_VARIABLE = YES;
				LIBRARY_SEARCH_PATHS = (
					"$(inherited)",
					"\"$(SRCROOT)/dependences-osx64/lib\"",
				);
				MACOSX_DEPLOYMENT_TARGET = 10.8;
				ONLY_ACTIVE_ARCH = YES;
				"OTHER_CFLAGS[arch=*]" = (
					"-DORDERED_TABLE",
					"-D_DEBUG",
				);
				PRODUCT_NAME = "$(TARGET_NAME)";
				SDKROOT = macosx;
			};
			name = Debug;
		};
		E021E5B817AE7A260075C30D /* Release */ = {
			isa = XCBuildConfiguration;
			buildSettings = {
				ALWAYS_SEARCH_USER_PATHS = NO;
				ARCHS = "$(ARCHS_STANDARD_64_BIT)";
				CLANG_CXX_LANGUAGE_STANDARD = "gnu++0x";
				CLANG_CXX_LIBRARY = "libc++";
				CLANG_ENABLE_OBJC_ARC = NO;
				CLANG_WARN_CONSTANT_CONVERSION = YES;
				CLANG_WARN_EMPTY_BODY = YES;
				CLANG_WARN_ENUM_CONVERSION = YES;
				CLANG_WARN_INT_CONVERSION = YES;
				CLANG_WARN__DUPLICATE_METHOD_MATCH = YES;
				COPY_PHASE_STRIP = YES;
				DEBUG_INFORMATION_FORMAT = "dwarf-with-dsym";
				GCC_C_LANGUAGE_STANDARD = gnu99;
				GCC_ENABLE_OBJC_EXCEPTIONS = YES;
				GCC_WARN_64_TO_32_BIT_CONVERSION = YES;
				GCC_WARN_ABOUT_RETURN_TYPE = YES;
				GCC_WARN_UNINITIALIZED_AUTOS = YES;
				GCC_WARN_UNUSED_VARIABLE = YES;
				LIBRARY_SEARCH_PATHS = (
					"$(inherited)",
					"\"$(SRCROOT)/dependences-osx64/lib\"",
				);
				MACOSX_DEPLOYMENT_TARGET = 10.8;
				OTHER_CFLAGS = "-DORDERED_TABLE";
				PRODUCT_NAME = "$(TARGET_NAME)";
				SDKROOT = macosx;
			};
			name = Release;
		};
/* End XCBuildConfiguration section */

/* Begin XCConfigurationList section */
		E021E5A917AE799E0075C30D /* Build configuration list for PBXProject "SolarSystem" */ = {
			isa = XCConfigurationList;
			buildConfigurations = (
				E021E5AA17AE799E0075C30D /* Debug */,
				E021E5AB17AE799E0075C30D /* Release */,
			);
			defaultConfigurationIsVisible = 0;
			defaultConfigurationName = Release;
		};
		E021E5B917AE7A260075C30D /* Build configuration list for PBXNativeTarget "SolarSystem" */ = {
			isa = XCConfigurationList;
			buildConfigurations = (
				E021E5B717AE7A260075C30D /* Debug */,
				E021E5B817AE7A260075C30D /* Release */,
			);
			defaultConfigurationIsVisible = 0;
			defaultConfigurationName = Release;
		};
/* End XCConfigurationList section */
	};
	rootObject = E021E5A617AE799E0075C30D /* Project object */;
}
