<?xml version="1.0" encoding="UTF-8" standalone="yes" ?>
<CodeBlocks_project_file>
	<FileVersion major="1" minor="6" />
	<Project>
		<Option title="sphere" />
		<Option pch_mode="2" />
		<Option compiler="gcc" />
		<Build>
			<Target title="Debug Linux">
				<Option platforms="Unix;" />
				<Option output="bin/Debug/sphere" prefix_auto="1" extension_auto="1" />
				<Option object_output="obj/Debug/" />
				<Option type="1" />
				<Option compiler="gcc" />
				<Compiler>
					<Add option="-g" />
					<Add option="-std=gnu++0x" />
					<Add option="-D_DEBUG" />
					<Add directory="./" />
					<Add directory="include" />
					<Add directory="include/linux" />
				</Compiler>
				<Linker>
					<Add option="-lX11" />
					<Add option="-lXxf86vm" />
					<Add option="-lGL" />
					<Add option="-lGLU" />
					<Add option="-lopenal" />
				</Linker>
			</Target>
			<Target title="Release Linux">
				<Option platforms="Unix;" />
				<Option output="bin/Release/sphere" prefix_auto="1" extension_auto="1" />
				<Option object_output="obj/Release/" />
				<Option type="1" />
				<Option compiler="gcc" />
				<Compiler>
					<Add option="-O2" />
					<Add option="-std=gnu++0x" />
					<Add directory="./" />
					<Add directory="include" />
					<Add directory="include/linux" />
				</Compiler>
				<Linker>
					<Add option="-s" />
					<Add option="-lX11" />
					<Add option="-lXxf86vm" />
					<Add option="-lGL" />
					<Add option="-lGLU" />
					<Add option="-lopenal" />
				</Linker>
			</Target>
		</Build>
		<Compiler>
			<Add option="-Wall" />
		</Compiler>
		<Unit filename="include/Application.h" />
		<Unit filename="include/Camera.h" />
		<Unit filename="include/Config.h" />
		<Unit filename="include/Debug.h" />
		<Unit filename="include/EString.h" />
		<Unit filename="include/ETime.h" />
		<Unit filename="include/Easy2D.h" />
		<Unit filename="include/Input.h" />
		<Unit filename="include/MainInstance.h" />
		<Unit filename="include/Math2D.h" />
		<Unit filename="include/Object.h" />
		<Unit filename="include/Screen.h" />
		<Unit filename="include/Timer.h" />
		<Unit filename="include/Types.h" />
		<Unit filename="include/Utility.h" />
		<Unit filename="include/linux/LinuxApp.h" />
		<Unit filename="include/linux/LinuxInput.h" />
		<Unit filename="include/linux/LinuxScreen.h" />
		<Unit filename="include/linux/OpenGLLinux.h" />
		<Unit filename="main.cpp" />
		<Unit filename="src/Application.cpp" />
		<Unit filename="src/Camera.cpp" />
		<Unit filename="src/Debug.cpp" />
		<Unit filename="src/EString.cpp" />
		<Unit filename="src/ETime.cpp" />
		<Unit filename="src/Image/Image.h" />
		<Unit filename="src/Image/Image.inl" />
		<Unit filename="src/Image/lodepng.cpp" />
		<Unit filename="src/Image/lodepng.h" />
		<Unit filename="src/Input.cpp" />
		<Unit filename="src/MainInstance.cpp" />
		<Unit filename="src/Math2D.cpp" />
		<Unit filename="src/Object.cpp" />
		<Unit filename="src/Screen.cpp" />
		<Unit filename="src/Thread/Mutex.h" />
		<Unit filename="src/Thread/MutexConf.h" />
		<Unit filename="src/Thread/MutexPOSIX.inl" />
		<Unit filename="src/Thread/MutexWin32.inl" />
		<Unit filename="src/Thread/Thread.h" />
		<Unit filename="src/Thread/ThreadConf.h" />
		<Unit filename="src/Thread/ThreadPOSIX.inl" />
		<Unit filename="src/Thread/ThreadWin32.inl" />
		<Unit filename="src/Timer.cpp" />
		<Unit filename="src/Utility.cpp" />
		<Unit filename="src/linux/LinuxApp.cpp" />
		<Unit filename="src/linux/LinuxInput.cpp" />
		<Unit filename="src/linux/LinuxScreen.cpp" />
		<Unit filename="src/linux/OpenGLLinux.cpp" />
		<Unit filename="stdafx.h" />
		<Extensions>
			<code_completion />
			<debugger />
		</Extensions>
	</Project>
</CodeBlocks_project_file>
